
Microsoft Visual Studio Solution File, Format Version 12.00
# Visual Studio Version 17
VisualStudioVersion = 17.4.33205.214
MinimumVisualStudioVersion = 10.0.40219.1
Project("{FAE04EC0-301F-11D3-BF4B-00C04F79EFBC}") = "E-Commerce-Website", "E-Commerce-Website\E-Commerce-Website.csproj", "{EAEF6D21-2EF7-4210-B3C8-1CE0541F238F}"
EndProject
Global
	GlobalSection(SolutionConfigurationPlatforms) = preSolution
		Debug|Any CPU = Debug|Any CPU
		Release|Any CPU = Release|Any CPU
	EndGlobalSection
	GlobalSection(ProjectConfigurationPlatforms) = postSolution
		{EAEF6D21-2EF7-4210-B3C8-1CE0541F238F}.Debug|Any CPU.ActiveCfg = Debug|Any CPU
		{EAEF6D21-2EF7-4210-B3C8-1CE0541F238F}.Debug|Any CPU.Build.0 = Debug|Any CPU
		{EAEF6D21-2EF7-4210-B3C8-1CE0541F238F}.Release|Any CPU.ActiveCfg = Release|Any CPU
		{EAEF6D21-2EF7-4210-B3C8-1CE0541F238F}.Release|Any CPU.Build.0 = Release|Any CPU
	EndGlobalSection
	GlobalSection(SolutionProperties) = preSolution
		HideSolutionNode = FALSE
	EndGlobalSection
	GlobalSection(ExtensibilityGlobals) = postSolution
		SolutionGuid = {433CA8B7-E2D6-43B1-B518-82579B932132}
	EndGlobalSection
EndGlobal
